
Microsoft Visual Studio Solution File, Format Version 12.00
# Visual Studio Version 17
VisualStudioVersion = 17.3.32825.248
MinimumVisualStudioVersion = 10.0.40219.1
Project("{FAE04EC0-301F-11D3-BF4B-00C04F79EFBC}") = "JWT", "JWT\JWT.csproj", "{B89D3E9B-8151-4AAA-B757-DDFDAACE5F37}"
EndProject
Global
	GlobalSection(SolutionConfigurationPlatforms) = preSolution
		Debug|Any CPU = Debug|Any CPU
		Release|Any CPU = Release|Any CPU
	EndGlobalSection
	GlobalSection(ProjectConfigurationPlatforms) = postSolution
		{B89D3E9B-8151-4AAA-B757-DDFDAACE5F37}.Debug|Any CPU.ActiveCfg = Debug|Any CPU
		{B89D3E9B-8151-4AAA-B757-DDFDAACE5F37}.Debug|Any CPU.Build.0 = Debug|Any CPU
		{B89D3E9B-8151-4AAA-B757-DDFDAACE5F37}.Release|Any CPU.ActiveCfg = Release|Any CPU
		{B89D3E9B-8151-4AAA-B757-DDFDAACE5F37}.Release|Any CPU.Build.0 = Release|Any CPU
	EndGlobalSection
	GlobalSection(SolutionProperties) = preSolution
		HideSolutionNode = FALSE
	EndGlobalSection
	GlobalSection(ExtensibilityGlobals) = postSolution
		SolutionGuid = {6445BAC5-75D0-4F7F-8191-BF7049AD97AF}
	EndGlobalSection
EndGlobal
